
Microsoft Visual Studio Solution File, Format Version 12.00
# Visual Studio Version 17
VisualStudioVersion = 17.8.34309.116
MinimumVisualStudioVersion = 10.0.40219.1
Project("{FAE04EC0-301F-11D3-BF4B-00C04F79EFBC}") = "Client", "Client\Client.csproj", "{533DB756-400F-4E7E-B61F-6F311732F6F2}"
EndProject
Project("{FAE04EC0-301F-11D3-BF4B-00C04F79EFBC}") = "IdpServer", "IdpServer\IdpServer.csproj", "{F00F62F5-D992-483C-807C-882F25A77876}"
EndProject
Global
	GlobalSection(SolutionConfigurationPlatforms) = preSolution
		Debug|Any CPU = Debug|Any CPU
		Release|Any CPU = Release|Any CPU
	EndGlobalSection
	GlobalSection(ProjectConfigurationPlatforms) = postSolution
		{533DB756-400F-4E7E-B61F-6F311732F6F2}.Debug|Any CPU.ActiveCfg = Debug|Any CPU
		{533DB756-400F-4E7E-B61F-6F311732F6F2}.Debug|Any CPU.Build.0 = Debug|Any CPU
		{533DB756-400F-4E7E-B61F-6F311732F6F2}.Release|Any CPU.ActiveCfg = Release|Any CPU
		{533DB756-400F-4E7E-B61F-6F311732F6F2}.Release|Any CPU.Build.0 = Release|Any CPU
		{F00F62F5-D992-483C-807C-882F25A77876}.Debug|Any CPU.ActiveCfg = Debug|Any CPU
		{F00F62F5-D992-483C-807C-882F25A77876}.Debug|Any CPU.Build.0 = Debug|Any CPU
		{F00F62F5-D992-483C-807C-882F25A77876}.Release|Any CPU.ActiveCfg = Release|Any CPU
		{F00F62F5-D992-483C-807C-882F25A77876}.Release|Any CPU.Build.0 = Release|Any CPU
	EndGlobalSection
	GlobalSection(SolutionProperties) = preSolution
		HideSolutionNode = FALSE
	EndGlobalSection
	GlobalSection(ExtensibilityGlobals) = postSolution
		SolutionGuid = {0C121B78-4B1E-4A44-A6D1-1CF92211E986}
	EndGlobalSection
EndGlobal
